
Microsoft Visual Studio Solution File, Format Version 12.00
# Visual Studio Version 17
VisualStudioVersion = 17.5.002.0
MinimumVisualStudioVersion = 10.0.40219.1
Project("{2150E333-8FDC-42A3-9474-1A3956D46DE8}") = "sandbox", "sandbox", "{4ABA1BC4-DF76-4E93-BE94-EDC45AF016B8}"
EndProject
Project("{9A19103F-16F7-4668-BE54-9A1E7A4F7556}") = "sandbox_project", "sandbox\sandbox_project\sandbox_project.csproj", "{064D8F7A-DF4A-41DE-8B10-65EEDB5CF560}"
EndProject
Project("{2150E333-8FDC-42A3-9474-1A3956D46DE8}") = "week01", "week01", "{A01AE8FD-72F7-49B6-ACCF-8CEB14EA68E5}"
EndProject
Project("{9A19103F-16F7-4668-BE54-9A1E7A4F7556}") = "analyze", "week01\analyze\analyze.csproj", "{2F3A7FC0-BD7A-4354-83D7-554D65F6DE39}"
EndProject
Project("{9A19103F-16F7-4668-BE54-9A1E7A4F7556}") = "code", "week01\code\code.csproj", "{3641BF66-7EE0-4F77-8D3B-1100B89E009A}"
EndProject
Project("{9A19103F-16F7-4668-BE54-9A1E7A4F7556}") = "teach", "week01\teach\teach.csproj", "{A6A78B43-6AA4-4918-86FF-731AB1DF10B3}"
EndProject
Project("{2150E333-8FDC-42A3-9474-1A3956D46DE8}") = "week02", "week02", "{5694EE91-DB84-4D85-861C-8FCB0EE00D2C}"
EndProject
Project("{9A19103F-16F7-4668-BE54-9A1E7A4F7556}") = "analyze", "week02\analyze\analyze.csproj", "{38FC122D-0D5B-4C7D-942D-A31981606EE7}"
EndProject
Project("{9A19103F-16F7-4668-BE54-9A1E7A4F7556}") = "code", "week02\code\code.csproj", "{94135A82-8577-478F-9E5C-64FBF8FAE7C1}"
EndProject
Project("{9A19103F-16F7-4668-BE54-9A1E7A4F7556}") = "learn", "week02\learn\learn.csproj", "{A28ABEE0-796C-4357-8F44-8098258CEEBC}"
EndProject
Project("{9A19103F-16F7-4668-BE54-9A1E7A4F7556}") = "teach", "week02\teach\teach.csproj", "{4818E87E-BB46-47E2-A1E1-E14C77F26625}"
EndProject
Project("{2150E333-8FDC-42A3-9474-1A3956D46DE8}") = "week03", "week03", "{202B95F8-873F-448B-85A4-9683CA77CBC0}"
EndProject
Project("{9A19103F-16F7-4668-BE54-9A1E7A4F7556}") = "code", "week03\code\code.csproj", "{65437A8D-7896-47DB-839E-74CCB8E9A524}"
EndProject
Project("{9A19103F-16F7-4668-BE54-9A1E7A4F7556}") = "learn", "week03\learn\learn.csproj", "{CEEAB1F9-169A-44EF-AD71-04EFED565AD3}"
EndProject
Project("{9A19103F-16F7-4668-BE54-9A1E7A4F7556}") = "teach", "week03\teach\teach.csproj", "{5751902B-147F-4C2A-8791-95E060145E62}"
EndProject
Project("{2150E333-8FDC-42A3-9474-1A3956D46DE8}") = "week04", "week04", "{ADD45114-8C7A-451E-A8E0-7743D764D8DE}"
EndProject
Project("{9A19103F-16F7-4668-BE54-9A1E7A4F7556}") = "code", "week04\code\code.csproj", "{3DCAB095-DC40-4633-979F-C18CA29F8C3A}"
EndProject
Project("{2150E333-8FDC-42A3-9474-1A3956D46DE8}") = "week05", "week05", "{8CAC24D1-A2A9-4D27-A037-B4838F22D50C}"
EndProject
Project("{9A19103F-16F7-4668-BE54-9A1E7A4F7556}") = "code", "week05\code\code.csproj", "{F347B8C0-5E89-4348-A921-7CC650530E4E}"
EndProject
Project("{2150E333-8FDC-42A3-9474-1A3956D46DE8}") = "week06", "week06", "{6D15A052-2D99-49CE-9E65-C1BA5FCEA435}"
EndProject
Project("{9A19103F-16F7-4668-BE54-9A1E7A4F7556}") = "code", "week06\code\code.csproj", "{FB282091-6F15-42AE-B24C-3D0B47E010B7}"
EndProject
Global
	GlobalSection(SolutionConfigurationPlatforms) = preSolution
		Debug|Any CPU = Debug|Any CPU
		Release|Any CPU = Release|Any CPU
	EndGlobalSection
	GlobalSection(ProjectConfigurationPlatforms) = postSolution
		{064D8F7A-DF4A-41DE-8B10-65EEDB5CF560}.Debug|Any CPU.ActiveCfg = Debug|Any CPU
		{064D8F7A-DF4A-41DE-8B10-65EEDB5CF560}.Debug|Any CPU.Build.0 = Debug|Any CPU
		{064D8F7A-DF4A-41DE-8B10-65EEDB5CF560}.Release|Any CPU.ActiveCfg = Release|Any CPU
		{064D8F7A-DF4A-41DE-8B10-65EEDB5CF560}.Release|Any CPU.Build.0 = Release|Any CPU
		{2F3A7FC0-BD7A-4354-83D7-554D65F6DE39}.Debug|Any CPU.ActiveCfg = Debug|Any CPU
		{2F3A7FC0-BD7A-4354-83D7-554D65F6DE39}.Debug|Any CPU.Build.0 = Debug|Any CPU
		{2F3A7FC0-BD7A-4354-83D7-554D65F6DE39}.Release|Any CPU.ActiveCfg = Release|Any CPU
		{2F3A7FC0-BD7A-4354-83D7-554D65F6DE39}.Release|Any CPU.Build.0 = Release|Any CPU
		{3641BF66-7EE0-4F77-8D3B-1100B89E009A}.Debug|Any CPU.ActiveCfg = Debug|Any CPU
		{3641BF66-7EE0-4F77-8D3B-1100B89E009A}.Debug|Any CPU.Build.0 = Debug|Any CPU
		{3641BF66-7EE0-4F77-8D3B-1100B89E009A}.Release|Any CPU.ActiveCfg = Release|Any CPU
		{3641BF66-7EE0-4F77-8D3B-1100B89E009A}.Release|Any CPU.Build.0 = Release|Any CPU
		{A6A78B43-6AA4-4918-86FF-731AB1DF10B3}.Debug|Any CPU.ActiveCfg = Debug|Any CPU
		{A6A78B43-6AA4-4918-86FF-731AB1DF10B3}.Debug|Any CPU.Build.0 = Debug|Any CPU
		{A6A78B43-6AA4-4918-86FF-731AB1DF10B3}.Release|Any CPU.ActiveCfg = Release|Any CPU
		{A6A78B43-6AA4-4918-86FF-731AB1DF10B3}.Release|Any CPU.Build.0 = Release|Any CPU
		{38FC122D-0D5B-4C7D-942D-A31981606EE7}.Debug|Any CPU.ActiveCfg = Debug|Any CPU
		{38FC122D-0D5B-4C7D-942D-A31981606EE7}.Debug|Any CPU.Build.0 = Debug|Any CPU
		{38FC122D-0D5B-4C7D-942D-A31981606EE7}.Release|Any CPU.ActiveCfg = Release|Any CPU
		{38FC122D-0D5B-4C7D-942D-A31981606EE7}.Release|Any CPU.Build.0 = Release|Any CPU
		{94135A82-8577-478F-9E5C-64FBF8FAE7C1}.Debug|Any CPU.ActiveCfg = Debug|Any CPU
		{94135A82-8577-478F-9E5C-64FBF8FAE7C1}.Debug|Any CPU.Build.0 = Debug|Any CPU
		{94135A82-8577-478F-9E5C-64FBF8FAE7C1}.Release|Any CPU.ActiveCfg = Release|Any CPU
		{94135A82-8577-478F-9E5C-64FBF8FAE7C1}.Release|Any CPU.Build.0 = Release|Any CPU
		{A28ABEE0-796C-4357-8F44-8098258CEEBC}.Debug|Any CPU.ActiveCfg = Debug|Any CPU
		{A28ABEE0-796C-4357-8F44-8098258CEEBC}.Debug|Any CPU.Build.0 = Debug|Any CPU
		{A28ABEE0-796C-4357-8F44-8098258CEEBC}.Release|Any CPU.ActiveCfg = Release|Any CPU
		{A28ABEE0-796C-4357-8F44-8098258CEEBC}.Release|Any CPU.Build.0 = Release|Any CPU
		{4818E87E-BB46-47E2-A1E1-E14C77F26625}.Debug|Any CPU.ActiveCfg = Debug|Any CPU
		{4818E87E-BB46-47E2-A1E1-E14C77F26625}.Debug|Any CPU.Build.0 = Debug|Any CPU
		{4818E87E-BB46-47E2-A1E1-E14C77F26625}.Release|Any CPU.ActiveCfg = Release|Any CPU
		{4818E87E-BB46-47E2-A1E1-E14C77F26625}.Release|Any CPU.Build.0 = Release|Any CPU
		{65437A8D-7896-47DB-839E-74CCB8E9A524}.Debug|Any CPU.ActiveCfg = Debug|Any CPU
		{65437A8D-7896-47DB-839E-74CCB8E9A524}.Debug|Any CPU.Build.0 = Debug|Any CPU
		{65437A8D-7896-47DB-839E-74CCB8E9A524}.Release|Any CPU.ActiveCfg = Release|Any CPU
		{65437A8D-7896-47DB-839E-74CCB8E9A524}.Release|Any CPU.Build.0 = Release|Any CPU
		{CEEAB1F9-169A-44EF-AD71-04EFED565AD3}.Debug|Any CPU.ActiveCfg = Debug|Any CPU
		{CEEAB1F9-169A-44EF-AD71-04EFED565AD3}.Debug|Any CPU.Build.0 = Debug|Any CPU
		{CEEAB1F9-169A-44EF-AD71-04EFED565AD3}.Release|Any CPU.ActiveCfg = Release|Any CPU
		{CEEAB1F9-169A-44EF-AD71-04EFED565AD3}.Release|Any CPU.Build.0 = Release|Any CPU
		{5751902B-147F-4C2A-8791-95E060145E62}.Debug|Any CPU.ActiveCfg = Debug|Any CPU
		{5751902B-147F-4C2A-8791-95E060145E62}.Debug|Any CPU.Build.0 = Debug|Any CPU
		{5751902B-147F-4C2A-8791-95E060145E62}.Release|Any CPU.ActiveCfg = Release|Any CPU
		{5751902B-147F-4C2A-8791-95E060145E62}.Release|Any CPU.Build.0 = Release|Any CPU
		{3DCAB095-DC40-4633-979F-C18CA29F8C3A}.Debug|Any CPU.ActiveCfg = Debug|Any CPU
		{3DCAB095-DC40-4633-979F-C18CA29F8C3A}.Debug|Any CPU.Build.0 = Debug|Any CPU
		{3DCAB095-DC40-4633-979F-C18CA29F8C3A}.Release|Any CPU.ActiveCfg = Release|Any CPU
		{3DCAB095-DC40-4633-979F-C18CA29F8C3A}.Release|Any CPU.Build.0 = Release|Any CPU
		{F347B8C0-5E89-4348-A921-7CC650530E4E}.Debug|Any CPU.ActiveCfg = Debug|Any CPU
		{F347B8C0-5E89-4348-A921-7CC650530E4E}.Debug|Any CPU.Build.0 = Debug|Any CPU
		{F347B8C0-5E89-4348-A921-7CC650530E4E}.Release|Any CPU.ActiveCfg = Release|Any CPU
		{F347B8C0-5E89-4348-A921-7CC650530E4E}.Release|Any CPU.Build.0 = Release|Any CPU
		{FB282091-6F15-42AE-B24C-3D0B47E010B7}.Debug|Any CPU.ActiveCfg = Debug|Any CPU
		{FB282091-6F15-42AE-B24C-3D0B47E010B7}.Debug|Any CPU.Build.0 = Debug|Any CPU
		{FB282091-6F15-42AE-B24C-3D0B47E010B7}.Release|Any CPU.ActiveCfg = Release|Any CPU
		{FB282091-6F15-42AE-B24C-3D0B47E010B7}.Release|Any CPU.Build.0 = Release|Any CPU
	EndGlobalSection
	GlobalSection(SolutionProperties) = preSolution
		HideSolutionNode = FALSE
	EndGlobalSection
	GlobalSection(NestedProjects) = preSolution
		{064D8F7A-DF4A-41DE-8B10-65EEDB5CF560} = {4ABA1BC4-DF76-4E93-BE94-EDC45AF016B8}
		{2F3A7FC0-BD7A-4354-83D7-554D65F6DE39} = {A01AE8FD-72F7-49B6-ACCF-8CEB14EA68E5}
		{3641BF66-7EE0-4F77-8D3B-1100B89E009A} = {A01AE8FD-72F7-49B6-ACCF-8CEB14EA68E5}
		{A6A78B43-6AA4-4918-86FF-731AB1DF10B3} = {A01AE8FD-72F7-49B6-ACCF-8CEB14EA68E5}
		{38FC122D-0D5B-4C7D-942D-A31981606EE7} = {5694EE91-DB84-4D85-861C-8FCB0EE00D2C}
		{94135A82-8577-478F-9E5C-64FBF8FAE7C1} = {5694EE91-DB84-4D85-861C-8FCB0EE00D2C}
		{A28ABEE0-796C-4357-8F44-8098258CEEBC} = {5694EE91-DB84-4D85-861C-8FCB0EE00D2C}
		{4818E87E-BB46-47E2-A1E1-E14C77F26625} = {5694EE91-DB84-4D85-861C-8FCB0EE00D2C}
		{65437A8D-7896-47DB-839E-74CCB8E9A524} = {202B95F8-873F-448B-85A4-9683CA77CBC0}
		{CEEAB1F9-169A-44EF-AD71-04EFED565AD3} = {202B95F8-873F-448B-85A4-9683CA77CBC0}
		{5751902B-147F-4C2A-8791-95E060145E62} = {202B95F8-873F-448B-85A4-9683CA77CBC0}
		{3DCAB095-DC40-4633-979F-C18CA29F8C3A} = {ADD45114-8C7A-451E-A8E0-7743D764D8DE}
		{F347B8C0-5E89-4348-A921-7CC650530E4E} = {8CAC24D1-A2A9-4D27-A037-B4838F22D50C}
		{FB282091-6F15-42AE-B24C-3D0B47E010B7} = {6D15A052-2D99-49CE-9E65-C1BA5FCEA435}
	EndGlobalSection
	GlobalSection(ExtensibilityGlobals) = postSolution
		SolutionGuid = {CDA07C90-FFF4-4E1E-BE07-56E9A5DC1BD6}
	EndGlobalSection
EndGlobal
